
Microsoft Visual Studio Solution File, Format Version 12.00
# Visual Studio Version 16
VisualStudioVersion = 16.0.28803.156
MinimumVisualStudioVersion = 10.0.40219.1
Project("{9A19103F-16F7-4668-BE54-9A1E7A4F7556}") = "Passingwind.Blog.Core", "Passingwind.Blog.Core\Passingwind.Blog.Core.csproj", "{B486CE9E-651F-4CBD-BB5F-7C90BA61830E}"
EndProject
Project("{9A19103F-16F7-4668-BE54-9A1E7A4F7556}") = "Passingwind.Blog.Web", "Passingwind.Blog.Web\Passingwind.Blog.Web.csproj", "{97094CC1-A7ED-4929-B965-381E379B15B5}"
EndProject
Project("{2150E333-8FDC-42A3-9474-1A3956D46DE8}") = "Solution Items", "Solution Items", "{9958796B-F1E6-4253-A835-9034F9956D02}"
	ProjectSection(SolutionItems) = preProject
		.editorconfig = .editorconfig
		readme.md = readme.md
	EndProjectSection
EndProject
Project("{FAE04EC0-301F-11D3-BF4B-00C04F79EFBC}") = "Passingwind.Blog.Widget.PageList", "Passingwind.Blog.Web\Plugins\Passingwind.Blog.Widget.PageList\Passingwind.Blog.Widget.PageList.csproj", "{F3321B3F-EEFB-4540-B64A-C1F746F76221}"
EndProject
Project("{2150E333-8FDC-42A3-9474-1A3956D46DE8}") = "Plugins", "Plugins", "{128CA502-48AB-4BA0-B5E6-11ACBCCF228B}"
EndProject
Global
	GlobalSection(SolutionConfigurationPlatforms) = preSolution
		Debug|Any CPU = Debug|Any CPU
		Release|Any CPU = Release|Any CPU
	EndGlobalSection
	GlobalSection(ProjectConfigurationPlatforms) = postSolution
		{B486CE9E-651F-4CBD-BB5F-7C90BA61830E}.Debug|Any CPU.ActiveCfg = Debug|Any CPU
		{B486CE9E-651F-4CBD-BB5F-7C90BA61830E}.Debug|Any CPU.Build.0 = Debug|Any CPU
		{B486CE9E-651F-4CBD-BB5F-7C90BA61830E}.Release|Any CPU.ActiveCfg = Release|Any CPU
		{B486CE9E-651F-4CBD-BB5F-7C90BA61830E}.Release|Any CPU.Build.0 = Release|Any CPU
		{97094CC1-A7ED-4929-B965-381E379B15B5}.Debug|Any CPU.ActiveCfg = Debug|Any CPU
		{97094CC1-A7ED-4929-B965-381E379B15B5}.Debug|Any CPU.Build.0 = Debug|Any CPU
		{97094CC1-A7ED-4929-B965-381E379B15B5}.Release|Any CPU.ActiveCfg = Release|Any CPU
		{97094CC1-A7ED-4929-B965-381E379B15B5}.Release|Any CPU.Build.0 = Release|Any CPU
		{F3321B3F-EEFB-4540-B64A-C1F746F76221}.Debug|Any CPU.ActiveCfg = Debug|Any CPU
		{F3321B3F-EEFB-4540-B64A-C1F746F76221}.Debug|Any CPU.Build.0 = Debug|Any CPU
		{F3321B3F-EEFB-4540-B64A-C1F746F76221}.Release|Any CPU.ActiveCfg = Release|Any CPU
		{F3321B3F-EEFB-4540-B64A-C1F746F76221}.Release|Any CPU.Build.0 = Release|Any CPU
	EndGlobalSection
	GlobalSection(SolutionProperties) = preSolution
		HideSolutionNode = FALSE
	EndGlobalSection
	GlobalSection(NestedProjects) = preSolution
		{F3321B3F-EEFB-4540-B64A-C1F746F76221} = {128CA502-48AB-4BA0-B5E6-11ACBCCF228B}
	EndGlobalSection
	GlobalSection(ExtensibilityGlobals) = postSolution
		SolutionGuid = {D6A7EFFA-EAE6-4837-BE3A-4BC782F38062}
	EndGlobalSection
EndGlobal
