
Microsoft Visual Studio Solution File, Format Version 12.00
# Visual Studio Version 16
VisualStudioVersion = 16.0.28803.156
MinimumVisualStudioVersion = 10.0.40219.1
Project("{9A19103F-16F7-4668-BE54-9A1E7A4F7556}") = "Passingwind.Blog.Core", "Passingwind.Blog.Core\Passingwind.Blog.Core.csproj", "{B486CE9E-651F-4CBD-BB5F-7C90BA61830E}"
EndProject
Project("{2150E333-8FDC-42A3-9474-1A3956D46DE8}") = "Solution Items", "Solution Items", "{9958796B-F1E6-4253-A835-9034F9956D02}"
	ProjectSection(SolutionItems) = preProject
		.editorconfig = .editorconfig
		readme.md = readme.md
	EndProjectSection
EndProject
Project("{9A19103F-16F7-4668-BE54-9A1E7A4F7556}") = "Passingwind.Blog.Web.Core", "Passingwind.Blog.Web.Core\Passingwind.Blog.Web.Core.csproj", "{E769F1C6-3AB7-4B4E-B603-FA5E8E8B03CF}"
EndProject
Project("{9A19103F-16F7-4668-BE54-9A1E7A4F7556}") = "Passingwind.Blog.Web", "Passingwind.Blog.Web\Passingwind.Blog.Web.csproj", "{52B775B3-DE3F-4300-A71D-3CD2D84BB88F}"
EndProject
Project("{9A19103F-16F7-4668-BE54-9A1E7A4F7556}") = "Passingwind.BlogML", "Passingwind.BlogML\Passingwind.BlogML.csproj", "{718FDF6D-8C72-4560-9A56-12EFEE430B87}"
EndProject
Project("{9A19103F-16F7-4668-BE54-9A1E7A4F7556}") = "Passingwind.Blog.CoreTests", "Passingwind.Blog.CoreTests\Passingwind.Blog.CoreTests.csproj", "{3C6C2ECA-E708-4A32-9E0B-C2E483910973}"
EndProject
Project("{2150E333-8FDC-42A3-9474-1A3956D46DE8}") = "Tests", "Tests", "{832CAC2C-876F-4C1F-8C16-044C8E964713}"
EndProject
Project("{9A19103F-16F7-4668-BE54-9A1E7A4F7556}") = "Passingwind.Blog.Widgets", "Passingwind.Blog.Widgets\Passingwind.Blog.Widgets.csproj", "{2A436CEC-F07E-4B4A-B2B2-B68CC69714EF}"
EndProject
Project("{2150E333-8FDC-42A3-9474-1A3956D46DE8}") = "Widgets", "Widgets", "{21DD11A4-5B6F-46B3-BC3D-C0DB2789B4FA}"
EndProject
Project("{9A19103F-16F7-4668-BE54-9A1E7A4F7556}") = "Passingwind.Blog.Widget.CategoryList", "Widgets\Passingwind.Blog.Widget.CategoryList\Passingwind.Blog.Widget.CategoryList.csproj", "{8C6E5930-82B5-4F73-B416-401D10F8EDB3}"
EndProject
Project("{9A19103F-16F7-4668-BE54-9A1E7A4F7556}") = "Passingwind.Blog.Widget.Administration", "Widgets\Passingwind.Blog.Widget.Administration\Passingwind.Blog.Widget.Administration.csproj", "{398406ED-01BE-4F25-9B3F-1BCEAED1B76D}"
EndProject
Project("{9A19103F-16F7-4668-BE54-9A1E7A4F7556}") = "Passingwind.Blog.Widget.CustomHtml", "Widgets\Passingwind.Blog.Widget.CustomHtml\Passingwind.Blog.Widget.CustomHtml.csproj", "{F8FA3C09-9980-408C-9E8D-7B86444C2744}"
EndProject
Project("{9A19103F-16F7-4668-BE54-9A1E7A4F7556}") = "Passingwind.Blog.Widget.LinkList", "Widgets\Passingwind.Blog.Widget.LinkList\Passingwind.Blog.Widget.LinkList.csproj", "{DEBB1506-2FDB-47AF-AA17-15C770AE6407}"
EndProject
Project("{9A19103F-16F7-4668-BE54-9A1E7A4F7556}") = "Passingwind.Blog.Widget.MonthList", "Widgets\Passingwind.Blog.Widget.MonthList\Passingwind.Blog.Widget.MonthList.csproj", "{47BD1753-442C-4FA1-8515-F2E30C6B7D9F}"
EndProject
Project("{9A19103F-16F7-4668-BE54-9A1E7A4F7556}") = "Passingwind.Blog.Widget.PageList", "Widgets\Passingwind.Blog.Widget.PageList\Passingwind.Blog.Widget.PageList.csproj", "{8C2909B1-ADAD-476F-8EFA-C6846BFD0C03}"
EndProject
Project("{9A19103F-16F7-4668-BE54-9A1E7A4F7556}") = "Passingwind.Blog.Widget.Search", "Widgets\Passingwind.Blog.Widget.Search\Passingwind.Blog.Widget.Search.csproj", "{AD3D62C5-DDC6-47AD-9FC7-0CE87FFD041F}"
EndProject
Project("{9A19103F-16F7-4668-BE54-9A1E7A4F7556}") = "Passingwind.Blog.Widget.TagsCloud", "Widgets\Passingwind.Blog.Widget.TagsCloud\Passingwind.Blog.Widget.TagsCloud.csproj", "{7B7931E1-5F40-485E-9CE5-2BBB7A8342F6}"
EndProject
Project("{9A19103F-16F7-4668-BE54-9A1E7A4F7556}") = "Passingwind.Blog.Widget.UserProfile", "Widgets\Passingwind.Blog.Widget.UserProfile\Passingwind.Blog.Widget.UserProfile.csproj", "{9150A40C-0EA3-46DE-863C-00D5B57982C0}"
EndProject
Project("{FAE04EC0-301F-11D3-BF4B-00C04F79EFBC}") = "Passingwind.Blog.EntityFramework.SqlServer", "Passingwind.Blog.EntityFramework.SqlServer\Passingwind.Blog.EntityFramework.SqlServer.csproj", "{6DE5F6AD-9E21-4BF9-AEEA-0DC860D00951}"
EndProject
Project("{FAE04EC0-301F-11D3-BF4B-00C04F79EFBC}") = "Passingwind.Blog.EntityFramework.Sqlite", "Passingwind.Blog.EntityFramework.Sqlite\Passingwind.Blog.EntityFramework.Sqlite.csproj", "{BE3595B7-79A0-44CA-80C8-2AB9D68B0BEC}"
EndProject
Project("{FAE04EC0-301F-11D3-BF4B-00C04F79EFBC}") = "Passingwind.Blog.EntityFramework.MySql", "Passingwind.Blog.EntityFramework.MySql\Passingwind.Blog.EntityFramework.MySql.csproj", "{EF91CB99-6362-4208-8CE5-7EF85E8A73D6}"
EndProject
Project("{FAE04EC0-301F-11D3-BF4B-00C04F79EFBC}") = "Passingwind.Blog.EntityFramework.PostgreSQL", "Passingwind.Blog.EntityFramework.PostgreSQL\Passingwind.Blog.EntityFramework.PostgreSQL.csproj", "{3BFC780F-29D9-4B80-A03B-A6C497ECE2DE}"
EndProject
Global
	GlobalSection(SolutionConfigurationPlatforms) = preSolution
		Debug|Any CPU = Debug|Any CPU
		Release|Any CPU = Release|Any CPU
	EndGlobalSection
	GlobalSection(ProjectConfigurationPlatforms) = postSolution
		{B486CE9E-651F-4CBD-BB5F-7C90BA61830E}.Debug|Any CPU.ActiveCfg = Debug|Any CPU
		{B486CE9E-651F-4CBD-BB5F-7C90BA61830E}.Debug|Any CPU.Build.0 = Debug|Any CPU
		{B486CE9E-651F-4CBD-BB5F-7C90BA61830E}.Release|Any CPU.ActiveCfg = Release|Any CPU
		{B486CE9E-651F-4CBD-BB5F-7C90BA61830E}.Release|Any CPU.Build.0 = Release|Any CPU
		{E769F1C6-3AB7-4B4E-B603-FA5E8E8B03CF}.Debug|Any CPU.ActiveCfg = Debug|Any CPU
		{E769F1C6-3AB7-4B4E-B603-FA5E8E8B03CF}.Debug|Any CPU.Build.0 = Debug|Any CPU
		{E769F1C6-3AB7-4B4E-B603-FA5E8E8B03CF}.Release|Any CPU.ActiveCfg = Release|Any CPU
		{E769F1C6-3AB7-4B4E-B603-FA5E8E8B03CF}.Release|Any CPU.Build.0 = Release|Any CPU
		{52B775B3-DE3F-4300-A71D-3CD2D84BB88F}.Debug|Any CPU.ActiveCfg = Debug|Any CPU
		{52B775B3-DE3F-4300-A71D-3CD2D84BB88F}.Debug|Any CPU.Build.0 = Debug|Any CPU
		{52B775B3-DE3F-4300-A71D-3CD2D84BB88F}.Release|Any CPU.ActiveCfg = Release|Any CPU
		{52B775B3-DE3F-4300-A71D-3CD2D84BB88F}.Release|Any CPU.Build.0 = Release|Any CPU
		{718FDF6D-8C72-4560-9A56-12EFEE430B87}.Debug|Any CPU.ActiveCfg = Debug|Any CPU
		{718FDF6D-8C72-4560-9A56-12EFEE430B87}.Debug|Any CPU.Build.0 = Debug|Any CPU
		{718FDF6D-8C72-4560-9A56-12EFEE430B87}.Release|Any CPU.ActiveCfg = Release|Any CPU
		{718FDF6D-8C72-4560-9A56-12EFEE430B87}.Release|Any CPU.Build.0 = Release|Any CPU
		{3C6C2ECA-E708-4A32-9E0B-C2E483910973}.Debug|Any CPU.ActiveCfg = Debug|Any CPU
		{3C6C2ECA-E708-4A32-9E0B-C2E483910973}.Debug|Any CPU.Build.0 = Debug|Any CPU
		{3C6C2ECA-E708-4A32-9E0B-C2E483910973}.Release|Any CPU.ActiveCfg = Release|Any CPU
		{3C6C2ECA-E708-4A32-9E0B-C2E483910973}.Release|Any CPU.Build.0 = Release|Any CPU
		{2A436CEC-F07E-4B4A-B2B2-B68CC69714EF}.Debug|Any CPU.ActiveCfg = Debug|Any CPU
		{2A436CEC-F07E-4B4A-B2B2-B68CC69714EF}.Debug|Any CPU.Build.0 = Debug|Any CPU
		{2A436CEC-F07E-4B4A-B2B2-B68CC69714EF}.Release|Any CPU.ActiveCfg = Release|Any CPU
		{2A436CEC-F07E-4B4A-B2B2-B68CC69714EF}.Release|Any CPU.Build.0 = Release|Any CPU
		{8C6E5930-82B5-4F73-B416-401D10F8EDB3}.Debug|Any CPU.ActiveCfg = Debug|Any CPU
		{8C6E5930-82B5-4F73-B416-401D10F8EDB3}.Debug|Any CPU.Build.0 = Debug|Any CPU
		{8C6E5930-82B5-4F73-B416-401D10F8EDB3}.Release|Any CPU.ActiveCfg = Release|Any CPU
		{8C6E5930-82B5-4F73-B416-401D10F8EDB3}.Release|Any CPU.Build.0 = Release|Any CPU
		{398406ED-01BE-4F25-9B3F-1BCEAED1B76D}.Debug|Any CPU.ActiveCfg = Debug|Any CPU
		{398406ED-01BE-4F25-9B3F-1BCEAED1B76D}.Debug|Any CPU.Build.0 = Debug|Any CPU
		{398406ED-01BE-4F25-9B3F-1BCEAED1B76D}.Release|Any CPU.ActiveCfg = Release|Any CPU
		{398406ED-01BE-4F25-9B3F-1BCEAED1B76D}.Release|Any CPU.Build.0 = Release|Any CPU
		{F8FA3C09-9980-408C-9E8D-7B86444C2744}.Debug|Any CPU.ActiveCfg = Debug|Any CPU
		{F8FA3C09-9980-408C-9E8D-7B86444C2744}.Debug|Any CPU.Build.0 = Debug|Any CPU
		{F8FA3C09-9980-408C-9E8D-7B86444C2744}.Release|Any CPU.ActiveCfg = Release|Any CPU
		{F8FA3C09-9980-408C-9E8D-7B86444C2744}.Release|Any CPU.Build.0 = Release|Any CPU
		{DEBB1506-2FDB-47AF-AA17-15C770AE6407}.Debug|Any CPU.ActiveCfg = Debug|Any CPU
		{DEBB1506-2FDB-47AF-AA17-15C770AE6407}.Debug|Any CPU.Build.0 = Debug|Any CPU
		{DEBB1506-2FDB-47AF-AA17-15C770AE6407}.Release|Any CPU.ActiveCfg = Release|Any CPU
		{DEBB1506-2FDB-47AF-AA17-15C770AE6407}.Release|Any CPU.Build.0 = Release|Any CPU
		{47BD1753-442C-4FA1-8515-F2E30C6B7D9F}.Debug|Any CPU.ActiveCfg = Debug|Any CPU
		{47BD1753-442C-4FA1-8515-F2E30C6B7D9F}.Debug|Any CPU.Build.0 = Debug|Any CPU
		{47BD1753-442C-4FA1-8515-F2E30C6B7D9F}.Release|Any CPU.ActiveCfg = Release|Any CPU
		{47BD1753-442C-4FA1-8515-F2E30C6B7D9F}.Release|Any CPU.Build.0 = Release|Any CPU
		{8C2909B1-ADAD-476F-8EFA-C6846BFD0C03}.Debug|Any CPU.ActiveCfg = Debug|Any CPU
		{8C2909B1-ADAD-476F-8EFA-C6846BFD0C03}.Debug|Any CPU.Build.0 = Debug|Any CPU
		{8C2909B1-ADAD-476F-8EFA-C6846BFD0C03}.Release|Any CPU.ActiveCfg = Release|Any CPU
		{8C2909B1-ADAD-476F-8EFA-C6846BFD0C03}.Release|Any CPU.Build.0 = Release|Any CPU
		{AD3D62C5-DDC6-47AD-9FC7-0CE87FFD041F}.Debug|Any CPU.ActiveCfg = Debug|Any CPU
		{AD3D62C5-DDC6-47AD-9FC7-0CE87FFD041F}.Debug|Any CPU.Build.0 = Debug|Any CPU
		{AD3D62C5-DDC6-47AD-9FC7-0CE87FFD041F}.Release|Any CPU.ActiveCfg = Release|Any CPU
		{AD3D62C5-DDC6-47AD-9FC7-0CE87FFD041F}.Release|Any CPU.Build.0 = Release|Any CPU
		{7B7931E1-5F40-485E-9CE5-2BBB7A8342F6}.Debug|Any CPU.ActiveCfg = Debug|Any CPU
		{7B7931E1-5F40-485E-9CE5-2BBB7A8342F6}.Debug|Any CPU.Build.0 = Debug|Any CPU
		{7B7931E1-5F40-485E-9CE5-2BBB7A8342F6}.Release|Any CPU.ActiveCfg = Release|Any CPU
		{7B7931E1-5F40-485E-9CE5-2BBB7A8342F6}.Release|Any CPU.Build.0 = Release|Any CPU
		{9150A40C-0EA3-46DE-863C-00D5B57982C0}.Debug|Any CPU.ActiveCfg = Debug|Any CPU
		{9150A40C-0EA3-46DE-863C-00D5B57982C0}.Debug|Any CPU.Build.0 = Debug|Any CPU
		{9150A40C-0EA3-46DE-863C-00D5B57982C0}.Release|Any CPU.ActiveCfg = Release|Any CPU
		{9150A40C-0EA3-46DE-863C-00D5B57982C0}.Release|Any CPU.Build.0 = Release|Any CPU
		{6DE5F6AD-9E21-4BF9-AEEA-0DC860D00951}.Debug|Any CPU.ActiveCfg = Debug|Any CPU
		{6DE5F6AD-9E21-4BF9-AEEA-0DC860D00951}.Debug|Any CPU.Build.0 = Debug|Any CPU
		{6DE5F6AD-9E21-4BF9-AEEA-0DC860D00951}.Release|Any CPU.ActiveCfg = Release|Any CPU
		{6DE5F6AD-9E21-4BF9-AEEA-0DC860D00951}.Release|Any CPU.Build.0 = Release|Any CPU
		{BE3595B7-79A0-44CA-80C8-2AB9D68B0BEC}.Debug|Any CPU.ActiveCfg = Debug|Any CPU
		{BE3595B7-79A0-44CA-80C8-2AB9D68B0BEC}.Debug|Any CPU.Build.0 = Debug|Any CPU
		{BE3595B7-79A0-44CA-80C8-2AB9D68B0BEC}.Release|Any CPU.ActiveCfg = Release|Any CPU
		{BE3595B7-79A0-44CA-80C8-2AB9D68B0BEC}.Release|Any CPU.Build.0 = Release|Any CPU
		{EF91CB99-6362-4208-8CE5-7EF85E8A73D6}.Debug|Any CPU.ActiveCfg = Debug|Any CPU
		{EF91CB99-6362-4208-8CE5-7EF85E8A73D6}.Debug|Any CPU.Build.0 = Debug|Any CPU
		{EF91CB99-6362-4208-8CE5-7EF85E8A73D6}.Release|Any CPU.ActiveCfg = Release|Any CPU
		{EF91CB99-6362-4208-8CE5-7EF85E8A73D6}.Release|Any CPU.Build.0 = Release|Any CPU
		{3BFC780F-29D9-4B80-A03B-A6C497ECE2DE}.Debug|Any CPU.ActiveCfg = Debug|Any CPU
		{3BFC780F-29D9-4B80-A03B-A6C497ECE2DE}.Debug|Any CPU.Build.0 = Debug|Any CPU
		{3BFC780F-29D9-4B80-A03B-A6C497ECE2DE}.Release|Any CPU.ActiveCfg = Release|Any CPU
		{3BFC780F-29D9-4B80-A03B-A6C497ECE2DE}.Release|Any CPU.Build.0 = Release|Any CPU
	EndGlobalSection
	GlobalSection(SolutionProperties) = preSolution
		HideSolutionNode = FALSE
	EndGlobalSection
	GlobalSection(NestedProjects) = preSolution
		{3C6C2ECA-E708-4A32-9E0B-C2E483910973} = {832CAC2C-876F-4C1F-8C16-044C8E964713}
		{8C6E5930-82B5-4F73-B416-401D10F8EDB3} = {21DD11A4-5B6F-46B3-BC3D-C0DB2789B4FA}
		{398406ED-01BE-4F25-9B3F-1BCEAED1B76D} = {21DD11A4-5B6F-46B3-BC3D-C0DB2789B4FA}
		{F8FA3C09-9980-408C-9E8D-7B86444C2744} = {21DD11A4-5B6F-46B3-BC3D-C0DB2789B4FA}
		{DEBB1506-2FDB-47AF-AA17-15C770AE6407} = {21DD11A4-5B6F-46B3-BC3D-C0DB2789B4FA}
		{47BD1753-442C-4FA1-8515-F2E30C6B7D9F} = {21DD11A4-5B6F-46B3-BC3D-C0DB2789B4FA}
		{8C2909B1-ADAD-476F-8EFA-C6846BFD0C03} = {21DD11A4-5B6F-46B3-BC3D-C0DB2789B4FA}
		{AD3D62C5-DDC6-47AD-9FC7-0CE87FFD041F} = {21DD11A4-5B6F-46B3-BC3D-C0DB2789B4FA}
		{7B7931E1-5F40-485E-9CE5-2BBB7A8342F6} = {21DD11A4-5B6F-46B3-BC3D-C0DB2789B4FA}
		{9150A40C-0EA3-46DE-863C-00D5B57982C0} = {21DD11A4-5B6F-46B3-BC3D-C0DB2789B4FA}
	EndGlobalSection
	GlobalSection(ExtensibilityGlobals) = postSolution
		SolutionGuid = {D6A7EFFA-EAE6-4837-BE3A-4BC782F38062}
	EndGlobalSection
EndGlobal
